
Microsoft Visual Studio Solution File, Format Version 12.00
# Visual Studio Version 16
VisualStudioVersion = 16.0.31005.135
MinimumVisualStudioVersion = 10.0.40219.1
Project("{FAE04EC0-301F-11D3-BF4B-00C04F79EFBC}") = "curso.api", "curso.api\curso.api.csproj", "{820FB43D-1056-4225-B166-18F05FA5EBAC}"
EndProject
Global
	GlobalSection(SolutionConfigurationPlatforms) = preSolution
		Debug|Any CPU = Debug|Any CPU
		Release|Any CPU = Release|Any CPU
	EndGlobalSection
	GlobalSection(ProjectConfigurationPlatforms) = postSolution
		{820FB43D-1056-4225-B166-18F05FA5EBAC}.Debug|Any CPU.ActiveCfg = Debug|Any CPU
		{820FB43D-1056-4225-B166-18F05FA5EBAC}.Debug|Any CPU.Build.0 = Debug|Any CPU
		{820FB43D-1056-4225-B166-18F05FA5EBAC}.Release|Any CPU.ActiveCfg = Release|Any CPU
		{820FB43D-1056-4225-B166-18F05FA5EBAC}.Release|Any CPU.Build.0 = Release|Any CPU
	EndGlobalSection
	GlobalSection(SolutionProperties) = preSolution
		HideSolutionNode = FALSE
	EndGlobalSection
	GlobalSection(ExtensibilityGlobals) = postSolution
		SolutionGuid = {23F291D4-C80B-4CEA-80B0-293A185517DF}
	EndGlobalSection
EndGlobal
